
Microsoft Visual Studio Solution File, Format Version 12.00
# Visual Studio 2012
Project("{FAE04EC0-301F-11D3-BF4B-00C04F79EFBC}") = "Rolodex.WebUI", "Rolodex.UI\Rolodex.WebUI.csproj", "{B3F4DC03-C0EB-4A49-8A5C-4301EE79E70E}"
EndProject
Project("{FAE04EC0-301F-11D3-BF4B-00C04F79EFBC}") = "Rolodex.UI.Tests", "Rolodex.UI.Tests\Rolodex.UI.Tests.csproj", "{BDBADA56-E497-489A-889A-14387D3000C9}"
EndProject
Project("{FAE04EC0-301F-11D3-BF4B-00C04F79EFBC}") = "Rolodex.Domain", "Rolodex.Domain\Rolodex.Domain.csproj", "{C0978C14-0B3C-4269-BD9A-7013BEFB28F2}"
EndProject
Global
	GlobalSection(SolutionConfigurationPlatforms) = preSolution
		Debug|Any CPU = Debug|Any CPU
		Release|Any CPU = Release|Any CPU
	EndGlobalSection
	GlobalSection(ProjectConfigurationPlatforms) = postSolution
		{B3F4DC03-C0EB-4A49-8A5C-4301EE79E70E}.Debug|Any CPU.ActiveCfg = Debug|Any CPU
		{B3F4DC03-C0EB-4A49-8A5C-4301EE79E70E}.Debug|Any CPU.Build.0 = Debug|Any CPU
		{B3F4DC03-C0EB-4A49-8A5C-4301EE79E70E}.Release|Any CPU.ActiveCfg = Release|Any CPU
		{B3F4DC03-C0EB-4A49-8A5C-4301EE79E70E}.Release|Any CPU.Build.0 = Release|Any CPU
		{BDBADA56-E497-489A-889A-14387D3000C9}.Debug|Any CPU.ActiveCfg = Debug|Any CPU
		{BDBADA56-E497-489A-889A-14387D3000C9}.Debug|Any CPU.Build.0 = Debug|Any CPU
		{BDBADA56-E497-489A-889A-14387D3000C9}.Release|Any CPU.ActiveCfg = Release|Any CPU
		{BDBADA56-E497-489A-889A-14387D3000C9}.Release|Any CPU.Build.0 = Release|Any CPU
		{C0978C14-0B3C-4269-BD9A-7013BEFB28F2}.Debug|Any CPU.ActiveCfg = Debug|Any CPU
		{C0978C14-0B3C-4269-BD9A-7013BEFB28F2}.Debug|Any CPU.Build.0 = Debug|Any CPU
		{C0978C14-0B3C-4269-BD9A-7013BEFB28F2}.Release|Any CPU.ActiveCfg = Release|Any CPU
		{C0978C14-0B3C-4269-BD9A-7013BEFB28F2}.Release|Any CPU.Build.0 = Release|Any CPU
	EndGlobalSection
	GlobalSection(SolutionProperties) = preSolution
		HideSolutionNode = FALSE
	EndGlobalSection
EndGlobal
